
Microsoft Visual Studio Solution File, Format Version 12.00
# Visual Studio Version 17
VisualStudioVersion = 17.0.32126.317
MinimumVisualStudioVersion = 10.0.40219.1
Project("{FAE04EC0-301F-11D3-BF4B-00C04F79EFBC}") = "saugumas4", "saugumas4\saugumas4.csproj", "{ABDB5B83-2565-4643-B342-8ED1BDC409EC}"
EndProject
Global
	GlobalSection(SolutionConfigurationPlatforms) = preSolution
		Debug|Any CPU = Debug|Any CPU
		Release|Any CPU = Release|Any CPU
	EndGlobalSection
	GlobalSection(ProjectConfigurationPlatforms) = postSolution
		{ABDB5B83-2565-4643-B342-8ED1BDC409EC}.Debug|Any CPU.ActiveCfg = Debug|Any CPU
		{ABDB5B83-2565-4643-B342-8ED1BDC409EC}.Debug|Any CPU.Build.0 = Debug|Any CPU
		{ABDB5B83-2565-4643-B342-8ED1BDC409EC}.Release|Any CPU.ActiveCfg = Release|Any CPU
		{ABDB5B83-2565-4643-B342-8ED1BDC409EC}.Release|Any CPU.Build.0 = Release|Any CPU
	EndGlobalSection
	GlobalSection(SolutionProperties) = preSolution
		HideSolutionNode = FALSE
	EndGlobalSection
	GlobalSection(ExtensibilityGlobals) = postSolution
		SolutionGuid = {1BC748F5-6FDB-4770-88DF-6A9CB19A88B4}
	EndGlobalSection
EndGlobal
